
Microsoft Visual Studio Solution File, Format Version 11.00
# Visual Studio 2010
Project("{FAE04EC0-301F-11D3-BF4B-00C04F79EFBC}") = "Assembly-CSharp", "Assembly-CSharp.csproj", "{f7ae61a3-b7be-6a2c-5770-6d250635aca8}"
EndProject
Project("{FAE04EC0-301F-11D3-BF4B-00C04F79EFBC}") = "Assembly-CSharp-Editor", "Assembly-CSharp-Editor.csproj", "{a64d1dea-6025-8c7a-ca6d-6110651af26b}"
EndProject
Project("{FAE04EC0-301F-11D3-BF4B-00C04F79EFBC}") = "Unity.RenderPipelines.Universal.Config.Editor.Tests", "Unity.RenderPipelines.Universal.Config.Editor.Tests.csproj", "{707cbbb5-0ed7-2752-78eb-1fefdcfe54a6}"
EndProject
Project("{FAE04EC0-301F-11D3-BF4B-00C04F79EFBC}") = "Unity.RenderPipelines.Universal.Config.Runtime", "Unity.RenderPipelines.Universal.Config.Runtime.csproj", "{10679183-652e-f084-ec7e-71bea3f19e2c}"
EndProject
Global
	GlobalSection(SolutionConfigurationPlatforms) = preSolution
		Debug|Any CPU = Debug|Any CPU
	EndGlobalSection
	GlobalSection(ProjectConfigurationPlatforms) = postSolution
		{f7ae61a3-b7be-6a2c-5770-6d250635aca8}.Debug|Any CPU.ActiveCfg = Debug|Any CPU
		{f7ae61a3-b7be-6a2c-5770-6d250635aca8}.Debug|Any CPU.Build.0 = Debug|Any CPU
		{a64d1dea-6025-8c7a-ca6d-6110651af26b}.Debug|Any CPU.ActiveCfg = Debug|Any CPU
		{a64d1dea-6025-8c7a-ca6d-6110651af26b}.Debug|Any CPU.Build.0 = Debug|Any CPU
		{707cbbb5-0ed7-2752-78eb-1fefdcfe54a6}.Debug|Any CPU.ActiveCfg = Debug|Any CPU
		{707cbbb5-0ed7-2752-78eb-1fefdcfe54a6}.Debug|Any CPU.Build.0 = Debug|Any CPU
		{10679183-652e-f084-ec7e-71bea3f19e2c}.Debug|Any CPU.ActiveCfg = Debug|Any CPU
		{10679183-652e-f084-ec7e-71bea3f19e2c}.Debug|Any CPU.Build.0 = Debug|Any CPU
	EndGlobalSection
	GlobalSection(SolutionProperties) = preSolution
		HideSolutionNode = FALSE
	EndGlobalSection
EndGlobal
